
Microsoft Visual Studio Solution File, Format Version 12.00
# Visual Studio Version 16
VisualStudioVersion = 16.0.29009.5
MinimumVisualStudioVersion = 10.0.40219.1
Project("{FAE04EC0-301F-11D3-BF4B-00C04F79EFBC}") = "PersonalLibrary", "PersonalLibrary\PersonalLibrary.csproj", "{3B0C7FBD-7C17-4D59-B0B7-FBF013B6BEB0}"
EndProject
Global
	GlobalSection(SolutionConfigurationPlatforms) = preSolution
		Debug|Any CPU = Debug|Any CPU
		Release|Any CPU = Release|Any CPU
	EndGlobalSection
	GlobalSection(ProjectConfigurationPlatforms) = postSolution
		{3B0C7FBD-7C17-4D59-B0B7-FBF013B6BEB0}.Debug|Any CPU.ActiveCfg = Debug|Any CPU
		{3B0C7FBD-7C17-4D59-B0B7-FBF013B6BEB0}.Debug|Any CPU.Build.0 = Debug|Any CPU
		{3B0C7FBD-7C17-4D59-B0B7-FBF013B6BEB0}.Release|Any CPU.ActiveCfg = Release|Any CPU
		{3B0C7FBD-7C17-4D59-B0B7-FBF013B6BEB0}.Release|Any CPU.Build.0 = Release|Any CPU
	EndGlobalSection
	GlobalSection(SolutionProperties) = preSolution
		HideSolutionNode = FALSE
	EndGlobalSection
	GlobalSection(ExtensibilityGlobals) = postSolution
		SolutionGuid = {50758788-BCDF-4DBC-BAF0-FE8E2A0C867F}
	EndGlobalSection
EndGlobal
